# This file is automatically @generated by Cargo.
# It is not intended for manual editing.
version = 3

[[package]]
name = "chorus-alsa"
version = "0.1.0"

[[package]]
name = "chorus-audio"
version = "0.1.0"
dependencies = [
 "chorus-protocol",
]

[[package]]
name = "chorus-audio-path"
version = "0.1.0"

[[package]]
name = "chorus-client-linux"
version = "0.1.0"
dependencies = [
 "chorus-alsa",
 "chorus-audio",
 "chorus-control",
 "chorus-discovery",
 "chorus-protocol",
 "chorus-sync",
]

[[package]]
name = "chorus-control"
version = "0.1.0"
dependencies = [
 "chorus-server",
]

[[package]]
name = "chorus-discovery"
version = "0.1.0"

[[package]]
name = "chorus-hostctl"
version = "0.1.0"

[[package]]
name = "chorus-measure"
version = "0.1.0"
dependencies = [
 "chorus-alsa",
 "chorus-audio",
 "chorus-audio-path",
]

[[package]]
name = "chorus-protocol"
version = "0.1.0"

[[package]]
name = "chorus-server"
version = "0.1.0"
dependencies = [
 "chorus-audio",
 "chorus-client-linux",
 "chorus-control",
 "chorus-discovery",
 "chorus-hostctl",
 "chorus-protocol",
]

[[package]]
name = "chorus-sync"
version = "0.1.0"
